// !$*UTF8*$!
{
	archiveVersion = 1;
	classes = {
	};
	objectVersion = 50;
	objects = {

/* Begin PBXBuildFile section */
		17ADD66A2568299C00CEB810 /* AppDelegate.swift in Sources */ = {isa = PBXBuildFile; fileRef = 17ADD6692568299C00CEB810 /* AppDelegate.swift */; };
		17ADD66C2568299C00CEB810 /* SceneDelegate.swift in Sources */ = {isa = PBXBuildFile; fileRef = 17ADD66B2568299C00CEB810 /* SceneDelegate.swift */; };
		17ADD66E2568299C00CEB810 /* HomeViewController.swift in Sources */ = {isa = PBXBuildFile; fileRef = 17ADD66D2568299C00CEB810 /* HomeViewController.swift */; };
		17ADD6712568299C00CEB810 /* Home.storyboard in Resources */ = {isa = PBXBuildFile; fileRef = 17ADD66F2568299C00CEB810 /* Home.storyboard */; };
		17ADD6732568299D00CEB810 /* Assets.xcassets in Resources */ = {isa = PBXBuildFile; fileRef = 17ADD6722568299D00CEB810 /* Assets.xcassets */; };
		17ADD6762568299D00CEB810 /* LaunchScreen.storyboard in Resources */ = {isa = PBXBuildFile; fileRef = 17ADD6742568299D00CEB810 /* LaunchScreen.storyboard */; };
/* End PBXBuildFile section */

/* Begin PBXFileReference section */
		17ADD6662568299C00CEB810 /* VoiceRecognitionIniOS.app */ = {isa = PBXFileReference; explicitFileType = wrapper.application; includeInIndex = 0; path = VoiceRecognitionIniOS.app; sourceTree = BUILT_PRODUCTS_DIR; };
		17ADD6692568299C00CEB810 /* AppDelegate.swift */ = {isa = PBXFileReference; lastKnownFileType = sourcecode.swift; path = AppDelegate.swift; sourceTree = "<group>"; };
		17ADD66B2568299C00CEB810 /* SceneDelegate.swift */ = {isa = PBXFileReference; lastKnownFileType = sourcecode.swift; path = SceneDelegate.swift; sourceTree = "<group>"; };
		17ADD66D2568299C00CEB810 /* HomeViewController.swift */ = {isa = PBXFileReference; lastKnownFileType = sourcecode.swift; path = HomeViewController.swift; sourceTree = "<group>"; };
		17ADD6702568299C00CEB810 /* Base */ = {isa = PBXFileReference; lastKnownFileType = file.storyboard; name = Base; path = Base.lproj/Home.storyboard; sourceTree = "<group>"; };
		17ADD6722568299D00CEB810 /* Assets.xcassets */ = {isa = PBXFileReference; lastKnownFileType = folder.assetcatalog; path = Assets.xcassets; sourceTree = "<group>"; };
		17ADD6752568299D00CEB810 /* Base */ = {isa = PBXFileReference; lastKnownFileType = file.storyboard; name = Base; path = Base.lproj/LaunchScreen.storyboard; sourceTree = "<group>"; };
		17ADD6772568299D00CEB810 /* Info.plist */ = {isa = PBXFileReference; lastKnownFileType = text.plist.xml; path = Info.plist; sourceTree = "<group>"; };
/* End PBXFileReference section */

/* Begin PBXFrameworksBuildPhase section */
		17ADD6632568299C00CEB810 /* Frameworks */ = {
			isa = PBXFrameworksBuildPhase;
			buildActionMask = 2147483647;
			files = (
			);
			runOnlyForDeploymentPostprocessing = 0;
		};
/* End PBXFrameworksBuildPhase section */

/* Begin PBXGroup section */
		17ADD65D2568299C00CEB810 = {
			isa = PBXGroup;
			children = (
				17ADD6682568299C00CEB810 /* VoiceRecognitionIniOS */,
				17ADD6672568299C00CEB810 /* Products */,
			);
			sourceTree = "<group>";
		};
		17ADD6672568299C00CEB810 /* Products */ = {
			isa = PBXGroup;
			children = (
				17ADD6662568299C00CEB810 /* VoiceRecognitionIniOS.app */,
			);
			name = Products;
			sourceTree = "<group>";
		};
		17ADD6682568299C00CEB810 /* VoiceRecognitionIniOS */ = {
			isa = PBXGroup;
			children = (
				17EE8B8F256833D50077E8A5 /* Home */,
				17EE8B8A2568334A0077E8A5 /* Global */,
			);
			path = VoiceRecognitionIniOS;
			sourceTree = "<group>";
		};
		17EE8B8A2568334A0077E8A5 /* Global */ = {
			isa = PBXGroup;
			children = (
				17EE8B8E256833650077E8A5 /* Model */,
				17EE8B8D256833600077E8A5 /* View */,
				17EE8B8C256833580077E8A5 /* Controller */,
				17EE8B8B256833530077E8A5 /* Service */,
			);
			path = Global;
			sourceTree = "<group>";
		};
		17EE8B8B256833530077E8A5 /* Service */ = {
			isa = PBXGroup;
			children = (
				17ADD6772568299D00CEB810 /* Info.plist */,
			);
			path = Service;
			sourceTree = "<group>";
		};
		17EE8B8C256833580077E8A5 /* Controller */ = {
			isa = PBXGroup;
			children = (
				17ADD6692568299C00CEB810 /* AppDelegate.swift */,
				17ADD66B2568299C00CEB810 /* SceneDelegate.swift */,
			);
			path = Controller;
			sourceTree = "<group>";
		};
		17EE8B8D256833600077E8A5 /* View */ = {
			isa = PBXGroup;
			children = (
				17ADD6722568299D00CEB810 /* Assets.xcassets */,
				17ADD6742568299D00CEB810 /* LaunchScreen.storyboard */,
			);
			path = View;
			sourceTree = "<group>";
		};
		17EE8B8E256833650077E8A5 /* Model */ = {
			isa = PBXGroup;
			children = (
			);
			path = Model;
			sourceTree = "<group>";
		};
		17EE8B8F256833D50077E8A5 /* Home */ = {
			isa = PBXGroup;
			children = (
				17EE8B93256833EB0077E8A5 /* Model */,
				17EE8B92256833E70077E8A5 /* View */,
				17EE8B91256833E10077E8A5 /* Controller */,
				17EE8B90256833DC0077E8A5 /* Service */,
			);
			path = Home;
			sourceTree = "<group>";
		};
		17EE8B90256833DC0077E8A5 /* Service */ = {
			isa = PBXGroup;
			children = (
			);
			path = Service;
			sourceTree = "<group>";
		};
		17EE8B91256833E10077E8A5 /* Controller */ = {
			isa = PBXGroup;
			children = (
				17ADD66D2568299C00CEB810 /* HomeViewController.swift */,
			);
			path = Controller;
			sourceTree = "<group>";
		};
		17EE8B92256833E70077E8A5 /* View */ = {
			isa = PBXGroup;
			children = (
				17ADD66F2568299C00CEB810 /* Home.storyboard */,
			);
			path = View;
			sourceTree = "<group>";
		};
		17EE8B93256833EB0077E8A5 /* Model */ = {
			isa = PBXGroup;
			children = (
			);
			path = Model;
			sourceTree = "<group>";
		};
/* End PBXGroup section */

/* Begin PBXNativeTarget section */
		17ADD6652568299C00CEB810 /* VoiceRecognitionIniOS */ = {
			isa = PBXNativeTarget;
			buildConfigurationList = 17ADD67A2568299D00CEB810 /* Build configuration list for PBXNativeTarget "VoiceRecognitionIniOS" */;
			buildPhases = (
				17ADD6622568299C00CEB810 /* Sources */,
				17ADD6632568299C00CEB810 /* Frameworks */,
				17ADD6642568299C00CEB810 /* Resources */,
			);
			buildRules = (
			);
			dependencies = (
			);
			name = VoiceRecognitionIniOS;
			productName = VoiceRecognitionIniOS;
			productReference = 17ADD6662568299C00CEB810 /* VoiceRecognitionIniOS.app */;
			productType = "com.apple.product-type.application";
		};
/* End PBXNativeTarget section */

/* Begin PBXProject section */
		17ADD65E2568299C00CEB810 /* Project object */ = {
			isa = PBXProject;
			attributes = {
				LastSwiftUpdateCheck = 1210;
				LastUpgradeCheck = 1210;
				TargetAttributes = {
					17ADD6652568299C00CEB810 = {
						CreatedOnToolsVersion = 12.1;
					};
				};
			};
			buildConfigurationList = 17ADD6612568299C00CEB810 /* Build configuration list for PBXProject "VoiceRecognitionIniOS" */;
			compatibilityVersion = "Xcode 9.3";
			developmentRegion = en;
			hasScannedForEncodings = 0;
			knownRegions = (
				en,
				Base,
			);
			mainGroup = 17ADD65D2568299C00CEB810;
			productRefGroup = 17ADD6672568299C00CEB810 /* Products */;
			projectDirPath = "";
			projectRoot = "";
			targets = (
				17ADD6652568299C00CEB810 /* VoiceRecognitionIniOS */,
			);
		};
/* End PBXProject section */

/* Begin PBXResourcesBuildPhase section */
		17ADD6642568299C00CEB810 /* Resources */ = {
			isa = PBXResourcesBuildPhase;
			buildActionMask = 2147483647;
			files = (
				17ADD6762568299D00CEB810 /* LaunchScreen.storyboard in Resources */,
				17ADD6732568299D00CEB810 /* Assets.xcassets in Resources */,
				17ADD6712568299C00CEB810 /* Home.storyboard in Resources */,
			);
			runOnlyForDeploymentPostprocessing = 0;
		};
/* End PBXResourcesBuildPhase section */

/* Begin PBXSourcesBuildPhase section */
		17ADD6622568299C00CEB810 /* Sources */ = {
			isa = PBXSourcesBuildPhase;
			buildActionMask = 2147483647;
			files = (
				17ADD66E2568299C00CEB810 /* HomeViewController.swift in Sources */,
				17ADD66A2568299C00CEB810 /* AppDelegate.swift in Sources */,
				17ADD66C2568299C00CEB810 /* SceneDelegate.swift in Sources */,
			);
			runOnlyForDeploymentPostprocessing = 0;
		};
/* End PBXSourcesBuildPhase section */

/* Begin PBXVariantGroup section */
		17ADD66F2568299C00CEB810 /* Home.storyboard */ = {
			isa = PBXVariantGroup;
			children = (
				17ADD6702568299C00CEB810 /* Base */,
			);
			name = Home.storyboard;
			sourceTree = "<group>";
		};
		17ADD6742568299D00CEB810 /* LaunchScreen.storyboard */ = {
			isa = PBXVariantGroup;
			children = (
				17ADD6752568299D00CEB810 /* Base */,
			);
			name = LaunchScreen.storyboard;
			sourceTree = "<group>";
		};
/* End PBXVariantGroup section */

/* Begin XCBuildConfiguration section */
		17ADD6782568299D00CEB810 /* Debug */ = {
			isa = XCBuildConfiguration;
			buildSettings = {
				ALWAYS_SEARCH_USER_PATHS = NO;
				CLANG_ANALYZER_NONNULL = YES;
				CLANG_ANALYZER_NUMBER_OBJECT_CONVERSION = YES_AGGRESSIVE;
				CLANG_CXX_LANGUAGE_STANDARD = "gnu++14";
				CLANG_CXX_LIBRARY = "libc++";
				CLANG_ENABLE_MODULES = YES;
				CLANG_ENABLE_OBJC_ARC = YES;
				CLANG_ENABLE_OBJC_WEAK = YES;
				CLANG_WARN_BLOCK_CAPTURE_AUTORELEASING = YES;
				CLANG_WARN_BOOL_CONVERSION = YES;
				CLANG_WARN_COMMA = YES;
				CLANG_WARN_CONSTANT_CONVERSION = YES;
				CLANG_WARN_DEPRECATED_OBJC_IMPLEMENTATIONS = YES;
				CLANG_WARN_DIRECT_OBJC_ISA_USAGE = YES_ERROR;
				CLANG_WARN_DOCUMENTATION_COMMENTS = YES;
				CLANG_WARN_EMPTY_BODY = YES;
				CLANG_WARN_ENUM_CONVERSION = YES;
				CLANG_WARN_INFINITE_RECURSION = YES;
				CLANG_WARN_INT_CONVERSION = YES;
				CLANG_WARN_NON_LITERAL_NULL_CONVERSION = YES;
				CLANG_WARN_OBJC_IMPLICIT_RETAIN_SELF = YES;
				CLANG_WARN_OBJC_LITERAL_CONVERSION = YES;
				CLANG_WARN_OBJC_ROOT_CLASS = YES_ERROR;
				CLANG_WARN_QUOTED_INCLUDE_IN_FRAMEWORK_HEADER = YES;
				CLANG_WARN_RANGE_LOOP_ANALYSIS = YES;
				CLANG_WARN_STRICT_PROTOTYPES = YES;
				CLANG_WARN_SUSPICIOUS_MOVE = YES;
				CLANG_WARN_UNGUARDED_AVAILABILITY = YES_AGGRESSIVE;
				CLANG_WARN_UNREACHABLE_CODE = YES;
				CLANG_WARN__DUPLICATE_METHOD_MATCH = YES;
				COPY_PHASE_STRIP = NO;
				DEBUG_INFORMATION_FORMAT = dwarf;
				ENABLE_STRICT_OBJC_MSGSEND = YES;
				ENABLE_TESTABILITY = YES;
				GCC_C_LANGUAGE_STANDARD = gnu11;
				GCC_DYNAMIC_NO_PIC = NO;
				GCC_NO_COMMON_BLOCKS = YES;
				GCC_OPTIMIZATION_LEVEL = 0;
				GCC_PREPROCESSOR_DEFINITIONS = (
					"DEBUG=1",
					"$(inherited)",
				);
				GCC_WARN_64_TO_32_BIT_CONVERSION = YES;
				GCC_WARN_ABOUT_RETURN_TYPE = YES_ERROR;
				GCC_WARN_UNDECLARED_SELECTOR = YES;
				GCC_WARN_UNINITIALIZED_AUTOS = YES_AGGRESSIVE;
				GCC_WARN_UNUSED_FUNCTION = YES;
				GCC_WARN_UNUSED_VARIABLE = YES;
				IPHONEOS_DEPLOYMENT_TARGET = 14.1;
				MTL_ENABLE_DEBUG_INFO = INCLUDE_SOURCE;
				MTL_FAST_MATH = YES;
				ONLY_ACTIVE_ARCH = YES;
				SDKROOT = iphoneos;
				SWIFT_ACTIVE_COMPILATION_CONDITIONS = DEBUG;
				SWIFT_OPTIMIZATION_LEVEL = "-Onone";
			};
			name = Debug;
		};
		17ADD6792568299D00CEB810 /* Release */ = {
			isa = XCBuildConfiguration;
			buildSettings = {
				ALWAYS_SEARCH_USER_PATHS = NO;
				CLANG_ANALYZER_NONNULL = YES;
				CLANG_ANALYZER_NUMBER_OBJECT_CONVERSION = YES_AGGRESSIVE;
				CLANG_CXX_LANGUAGE_STANDARD = "gnu++14";
				CLANG_CXX_LIBRARY = "libc++";
				CLANG_ENABLE_MODULES = YES;
				CLANG_ENABLE_OBJC_ARC = YES;
				CLANG_ENABLE_OBJC_WEAK = YES;
				CLANG_WARN_BLOCK_CAPTURE_AUTORELEASING = YES;
				CLANG_WARN_BOOL_CONVERSION = YES;
				CLANG_WARN_COMMA = YES;
				CLANG_WARN_CONSTANT_CONVERSION = YES;
				CLANG_WARN_DEPRECATED_OBJC_IMPLEMENTATIONS = YES;
				CLANG_WARN_DIRECT_OBJC_ISA_USAGE = YES_ERROR;
				CLANG_WARN_DOCUMENTATION_COMMENTS = YES;
				CLANG_WARN_EMPTY_BODY = YES;
				CLANG_WARN_ENUM_CONVERSION = YES;
				CLANG_WARN_INFINITE_RECURSION = YES;
				CLANG_WARN_INT_CONVERSION = YES;
				CLANG_WARN_NON_LITERAL_NULL_CONVERSION = YES;
				CLANG_WARN_OBJC_IMPLICIT_RETAIN_SELF = YES;
				CLANG_WARN_OBJC_LITERAL_CONVERSION = YES;
				CLANG_WARN_OBJC_ROOT_CLASS = YES_ERROR;
				CLANG_WARN_QUOTED_INCLUDE_IN_FRAMEWORK_HEADER = YES;
				CLANG_WARN_RANGE_LOOP_ANALYSIS = YES;
				CLANG_WARN_STRICT_PROTOTYPES = YES;
				CLANG_WARN_SUSPICIOUS_MOVE = YES;
				CLANG_WARN_UNGUARDED_AVAILABILITY = YES_AGGRESSIVE;
				CLANG_WARN_UNREACHABLE_CODE = YES;
				CLANG_WARN__DUPLICATE_METHOD_MATCH = YES;
				COPY_PHASE_STRIP = NO;
				DEBUG_INFORMATION_FORMAT = "dwarf-with-dsym";
				ENABLE_NS_ASSERTIONS = NO;
				ENABLE_STRICT_OBJC_MSGSEND = YES;
				GCC_C_LANGUAGE_STANDARD = gnu11;
				GCC_NO_COMMON_BLOCKS = YES;
				GCC_WARN_64_TO_32_BIT_CONVERSION = YES;
				GCC_WARN_ABOUT_RETURN_TYPE = YES_ERROR;
				GCC_WARN_UNDECLARED_SELECTOR = YES;
				GCC_WARN_UNINITIALIZED_AUTOS = YES_AGGRESSIVE;
				GCC_WARN_UNUSED_FUNCTION = YES;
				GCC_WARN_UNUSED_VARIABLE = YES;
				IPHONEOS_DEPLOYMENT_TARGET = 14.1;
				MTL_ENABLE_DEBUG_INFO = NO;
				MTL_FAST_MATH = YES;
				SDKROOT = iphoneos;
				SWIFT_COMPILATION_MODE = wholemodule;
				SWIFT_OPTIMIZATION_LEVEL = "-O";
				VALIDATE_PRODUCT = YES;
			};
			name = Release;
		};
		17ADD67B2568299D00CEB810 /* Debug */ = {
			isa = XCBuildConfiguration;
			buildSettings = {
				ASSETCATALOG_COMPILER_APPICON_NAME = AppIcon;
				ASSETCATALOG_COMPILER_GLOBAL_ACCENT_COLOR_NAME = AccentColor;
				CODE_SIGN_STYLE = Automatic;
				DEVELOPMENT_TEAM = 7X48R5E6LJ;
				INFOPLIST_FILE = "$(SRCROOT)/VoiceRecognitionIniOS/Global/Service/Info.plist";
				LD_RUNPATH_SEARCH_PATHS = (
					"$(inherited)",
					"@executable_path/Frameworks",
				);
				PRODUCT_BUNDLE_IDENTIFIER = NAPPS.VoiceRecognitionIniOS;
				PRODUCT_NAME = "$(TARGET_NAME)";
				SWIFT_VERSION = 5.0;
				TARGETED_DEVICE_FAMILY = "1,2";
			};
			name = Debug;
		};
		17ADD67C2568299D00CEB810 /* Release */ = {
			isa = XCBuildConfiguration;
			buildSettings = {
				ASSETCATALOG_COMPILER_APPICON_NAME = AppIcon;
				ASSETCATALOG_COMPILER_GLOBAL_ACCENT_COLOR_NAME = AccentColor;
				CODE_SIGN_STYLE = Automatic;
				DEVELOPMENT_TEAM = 7X48R5E6LJ;
				INFOPLIST_FILE = "$(SRCROOT)/VoiceRecognitionIniOS/Global/Service/Info.plist";
				LD_RUNPATH_SEARCH_PATHS = (
					"$(inherited)",
					"@executable_path/Frameworks",
				);
				PRODUCT_BUNDLE_IDENTIFIER = NAPPS.VoiceRecognitionIniOS;
				PRODUCT_NAME = "$(TARGET_NAME)";
				SWIFT_VERSION = 5.0;
				TARGETED_DEVICE_FAMILY = "1,2";
			};
			name = Release;
		};
/* End XCBuildConfiguration section */

/* Begin XCConfigurationList section */
		17ADD6612568299C00CEB810 /* Build configuration list for PBXProject "VoiceRecognitionIniOS" */ = {
			isa = XCConfigurationList;
			buildConfigurations = (
				17ADD6782568299D00CEB810 /* Debug */,
				17ADD6792568299D00CEB810 /* Release */,
			);
			defaultConfigurationIsVisible = 0;
			defaultConfigurationName = Release;
		};
		17ADD67A2568299D00CEB810 /* Build configuration list for PBXNativeTarget "VoiceRecognitionIniOS" */ = {
			isa = XCConfigurationList;
			buildConfigurations = (
				17ADD67B2568299D00CEB810 /* Debug */,
				17ADD67C2568299D00CEB810 /* Release */,
			);
			defaultConfigurationIsVisible = 0;
			defaultConfigurationName = Release;
		};
/* End XCConfigurationList section */
	};
	rootObject = 17ADD65E2568299C00CEB810 /* Project object */;
}
